
Microsoft Visual Studio Solution File, Format Version 12.00
Project("{FAE04EC0-301F-11D3-BF4B-00C04F79EFBC}") = "RayWrapper", "RayWrapper\RayWrapper.csproj", "{40B59418-727E-4DFA-8A7C-8B355ADD4FB1}"
EndProject
Project("{FAE04EC0-301F-11D3-BF4B-00C04F79EFBC}") = "RayWrapperTester", "RayWrapperTester\RayWrapperTester.csproj", "{F1224EBC-9D0F-413F-9516-2D4B262BB4F4}"
EndProject
Project("{FAE04EC0-301F-11D3-BF4B-00C04F79EFBC}") = "RayWrapperTesterCollision", "RayWrapperTesterCollision\RayWrapperTesterCollision.csproj", "{9B2913EF-5AC2-4F02-8741-9DB86959761F}"
EndProject
Project("{FAE04EC0-301F-11D3-BF4B-00C04F79EFBC}") = "RayWrapper.Collision", "RayWrapper.Collision\RayWrapper.Collision.csproj", "{8FD93073-1065-4DAA-9454-6235E8E03C70}"
EndProject
Project("{FAE04EC0-301F-11D3-BF4B-00C04F79EFBC}") = "RayWrapper.Discord", "RayWrapper.Discord\RayWrapper.Discord.csproj", "{A9B6C5CE-5C94-43F5-863C-1FDA9441E8E2}"
EndProject
Project("{FAE04EC0-301F-11D3-BF4B-00C04F79EFBC}") = "RayWrapper.VectorFont", "RayWrapper.VectorFont\RayWrapper.VectorFont.csproj", "{6D48BB98-18DE-46E6-8D8C-930FD1B3D14D}"
EndProject
Project("{FAE04EC0-301F-11D3-BF4B-00C04F79EFBC}") = "RayWrapperVectorFontTest", "RayWrapperVectorFontTest\RayWrapperVectorFontTest.csproj", "{07D13ED4-6862-41D5-9851-154690A63D94}"
EndProject
Project("{FAE04EC0-301F-11D3-BF4B-00C04F79EFBC}") = "RayWrapper.ParticleControl", "RayWrapper.ParticleControl\RayWrapper.ParticleControl.csproj", "{C37AAAB1-CB9C-4C0D-90AA-EAC7B3364136}"
EndProject
Project("{FAE04EC0-301F-11D3-BF4B-00C04F79EFBC}") = "RayWrapperTesterParticle", "RayWrapperTesterParticle\RayWrapperTesterParticle.csproj", "{D2831138-A2A0-440B-9EAB-04E5F00161C2}"
EndProject
Project("{FAE04EC0-301F-11D3-BF4B-00C04F79EFBC}") = "RayWrapper.Base", "RayWrapper.Base\RayWrapper.Base.csproj", "{EC1F9D8F-00EC-48C0-852B-D005E20E04C8}"
EndProject
Global
	GlobalSection(SolutionConfigurationPlatforms) = preSolution
		Debug|Any CPU = Debug|Any CPU
		Release|Any CPU = Release|Any CPU
	EndGlobalSection
	GlobalSection(ProjectConfigurationPlatforms) = postSolution
		{40B59418-727E-4DFA-8A7C-8B355ADD4FB1}.Debug|Any CPU.ActiveCfg = Debug|Any CPU
		{40B59418-727E-4DFA-8A7C-8B355ADD4FB1}.Debug|Any CPU.Build.0 = Debug|Any CPU
		{40B59418-727E-4DFA-8A7C-8B355ADD4FB1}.Release|Any CPU.ActiveCfg = Release|Any CPU
		{40B59418-727E-4DFA-8A7C-8B355ADD4FB1}.Release|Any CPU.Build.0 = Release|Any CPU
		{F1224EBC-9D0F-413F-9516-2D4B262BB4F4}.Debug|Any CPU.ActiveCfg = Debug|Any CPU
		{F1224EBC-9D0F-413F-9516-2D4B262BB4F4}.Debug|Any CPU.Build.0 = Debug|Any CPU
		{F1224EBC-9D0F-413F-9516-2D4B262BB4F4}.Release|Any CPU.ActiveCfg = Release|Any CPU
		{F1224EBC-9D0F-413F-9516-2D4B262BB4F4}.Release|Any CPU.Build.0 = Release|Any CPU
		{9B2913EF-5AC2-4F02-8741-9DB86959761F}.Debug|Any CPU.ActiveCfg = Debug|Any CPU
		{9B2913EF-5AC2-4F02-8741-9DB86959761F}.Debug|Any CPU.Build.0 = Debug|Any CPU
		{9B2913EF-5AC2-4F02-8741-9DB86959761F}.Release|Any CPU.ActiveCfg = Release|Any CPU
		{9B2913EF-5AC2-4F02-8741-9DB86959761F}.Release|Any CPU.Build.0 = Release|Any CPU
		{8FD93073-1065-4DAA-9454-6235E8E03C70}.Debug|Any CPU.ActiveCfg = Debug|Any CPU
		{8FD93073-1065-4DAA-9454-6235E8E03C70}.Debug|Any CPU.Build.0 = Debug|Any CPU
		{8FD93073-1065-4DAA-9454-6235E8E03C70}.Release|Any CPU.ActiveCfg = Release|Any CPU
		{8FD93073-1065-4DAA-9454-6235E8E03C70}.Release|Any CPU.Build.0 = Release|Any CPU
		{A9B6C5CE-5C94-43F5-863C-1FDA9441E8E2}.Debug|Any CPU.ActiveCfg = Debug|Any CPU
		{A9B6C5CE-5C94-43F5-863C-1FDA9441E8E2}.Debug|Any CPU.Build.0 = Debug|Any CPU
		{A9B6C5CE-5C94-43F5-863C-1FDA9441E8E2}.Release|Any CPU.ActiveCfg = Release|Any CPU
		{A9B6C5CE-5C94-43F5-863C-1FDA9441E8E2}.Release|Any CPU.Build.0 = Release|Any CPU
		{6D48BB98-18DE-46E6-8D8C-930FD1B3D14D}.Debug|Any CPU.ActiveCfg = Debug|Any CPU
		{6D48BB98-18DE-46E6-8D8C-930FD1B3D14D}.Debug|Any CPU.Build.0 = Debug|Any CPU
		{6D48BB98-18DE-46E6-8D8C-930FD1B3D14D}.Release|Any CPU.ActiveCfg = Release|Any CPU
		{6D48BB98-18DE-46E6-8D8C-930FD1B3D14D}.Release|Any CPU.Build.0 = Release|Any CPU
		{07D13ED4-6862-41D5-9851-154690A63D94}.Debug|Any CPU.ActiveCfg = Debug|Any CPU
		{07D13ED4-6862-41D5-9851-154690A63D94}.Debug|Any CPU.Build.0 = Debug|Any CPU
		{07D13ED4-6862-41D5-9851-154690A63D94}.Release|Any CPU.ActiveCfg = Release|Any CPU
		{07D13ED4-6862-41D5-9851-154690A63D94}.Release|Any CPU.Build.0 = Release|Any CPU
		{C37AAAB1-CB9C-4C0D-90AA-EAC7B3364136}.Debug|Any CPU.ActiveCfg = Debug|Any CPU
		{C37AAAB1-CB9C-4C0D-90AA-EAC7B3364136}.Debug|Any CPU.Build.0 = Debug|Any CPU
		{C37AAAB1-CB9C-4C0D-90AA-EAC7B3364136}.Release|Any CPU.ActiveCfg = Release|Any CPU
		{C37AAAB1-CB9C-4C0D-90AA-EAC7B3364136}.Release|Any CPU.Build.0 = Release|Any CPU
		{D2831138-A2A0-440B-9EAB-04E5F00161C2}.Debug|Any CPU.ActiveCfg = Debug|Any CPU
		{D2831138-A2A0-440B-9EAB-04E5F00161C2}.Debug|Any CPU.Build.0 = Debug|Any CPU
		{D2831138-A2A0-440B-9EAB-04E5F00161C2}.Release|Any CPU.ActiveCfg = Release|Any CPU
		{D2831138-A2A0-440B-9EAB-04E5F00161C2}.Release|Any CPU.Build.0 = Release|Any CPU
		{EC1F9D8F-00EC-48C0-852B-D005E20E04C8}.Debug|Any CPU.ActiveCfg = Debug|Any CPU
		{EC1F9D8F-00EC-48C0-852B-D005E20E04C8}.Debug|Any CPU.Build.0 = Debug|Any CPU
		{EC1F9D8F-00EC-48C0-852B-D005E20E04C8}.Release|Any CPU.ActiveCfg = Release|Any CPU
		{EC1F9D8F-00EC-48C0-852B-D005E20E04C8}.Release|Any CPU.Build.0 = Release|Any CPU
	EndGlobalSection
EndGlobal
